
Microsoft Visual Studio Solution File, Format Version 12.00
# Visual Studio Version 16
VisualStudioVersion = 16.0.30523.141
MinimumVisualStudioVersion = 10.0.40219.1
Project("{FAE04EC0-301F-11D3-BF4B-00C04F79EFBC}") = "APS-AnáliseOrdenatória", "APS-AnáliseOrdenatória.csproj", "{CFBA782E-9FFA-4BB7-8D38-796678595276}"
EndProject
Global
	GlobalSection(SolutionConfigurationPlatforms) = preSolution
		Debug|Any CPU = Debug|Any CPU
		Release|Any CPU = Release|Any CPU
	EndGlobalSection
	GlobalSection(ProjectConfigurationPlatforms) = postSolution
		{CFBA782E-9FFA-4BB7-8D38-796678595276}.Debug|Any CPU.ActiveCfg = Debug|Any CPU
		{CFBA782E-9FFA-4BB7-8D38-796678595276}.Debug|Any CPU.Build.0 = Debug|Any CPU
		{CFBA782E-9FFA-4BB7-8D38-796678595276}.Release|Any CPU.ActiveCfg = Release|Any CPU
		{CFBA782E-9FFA-4BB7-8D38-796678595276}.Release|Any CPU.Build.0 = Release|Any CPU
	EndGlobalSection
	GlobalSection(SolutionProperties) = preSolution
		HideSolutionNode = FALSE
	EndGlobalSection
	GlobalSection(ExtensibilityGlobals) = postSolution
		SolutionGuid = {5E092CEF-0100-4294-B240-4001B2C0A810}
	EndGlobalSection
EndGlobal
